
Microsoft Visual Studio Solution File, Format Version 12.00
# Visual Studio Version 16
VisualStudioVersion = 16.0.29613.14
MinimumVisualStudioVersion = 10.0.40219.1
Project("{9A19103F-16F7-4668-BE54-9A1E7A4F7556}") = "WebAssemblyBlazorDemo.Server", "WebAssemblyBlazorDemo\Server\WebAssemblyBlazorDemo.Server.csproj", "{67F60AF2-A97F-4E08-AA17-A9BE07AB0DF6}"
EndProject
Project("{9A19103F-16F7-4668-BE54-9A1E7A4F7556}") = "WebAssemblyBlazorDemo.Client", "WebAssemblyBlazorDemo\Client\WebAssemblyBlazorDemo.Client.csproj", "{E2CE3618-89B2-4612-92AE-4D66237BDF65}"
EndProject
Project("{9A19103F-16F7-4668-BE54-9A1E7A4F7556}") = "WebAssemblyBlazorDemo.Shared", "WebAssemblyBlazorDemo\Shared\WebAssemblyBlazorDemo.Shared.csproj", "{5B847714-BE59-43CE-8DCC-75A193C8F31D}"
EndProject
Global
	GlobalSection(SolutionConfigurationPlatforms) = preSolution
		Debug|Any CPU = Debug|Any CPU
		Release|Any CPU = Release|Any CPU
	EndGlobalSection
	GlobalSection(ProjectConfigurationPlatforms) = postSolution
		{67F60AF2-A97F-4E08-AA17-A9BE07AB0DF6}.Debug|Any CPU.ActiveCfg = Debug|Any CPU
		{67F60AF2-A97F-4E08-AA17-A9BE07AB0DF6}.Debug|Any CPU.Build.0 = Debug|Any CPU
		{67F60AF2-A97F-4E08-AA17-A9BE07AB0DF6}.Release|Any CPU.ActiveCfg = Release|Any CPU
		{67F60AF2-A97F-4E08-AA17-A9BE07AB0DF6}.Release|Any CPU.Build.0 = Release|Any CPU
		{E2CE3618-89B2-4612-92AE-4D66237BDF65}.Debug|Any CPU.ActiveCfg = Debug|Any CPU
		{E2CE3618-89B2-4612-92AE-4D66237BDF65}.Debug|Any CPU.Build.0 = Debug|Any CPU
		{E2CE3618-89B2-4612-92AE-4D66237BDF65}.Release|Any CPU.ActiveCfg = Release|Any CPU
		{E2CE3618-89B2-4612-92AE-4D66237BDF65}.Release|Any CPU.Build.0 = Release|Any CPU
		{5B847714-BE59-43CE-8DCC-75A193C8F31D}.Debug|Any CPU.ActiveCfg = Debug|Any CPU
		{5B847714-BE59-43CE-8DCC-75A193C8F31D}.Debug|Any CPU.Build.0 = Debug|Any CPU
		{5B847714-BE59-43CE-8DCC-75A193C8F31D}.Release|Any CPU.ActiveCfg = Release|Any CPU
		{5B847714-BE59-43CE-8DCC-75A193C8F31D}.Release|Any CPU.Build.0 = Release|Any CPU
	EndGlobalSection
	GlobalSection(SolutionProperties) = preSolution
		HideSolutionNode = FALSE
	EndGlobalSection
	GlobalSection(ExtensibilityGlobals) = postSolution
		SolutionGuid = {8E7C94BA-B7AF-43A5-9038-972484797BFA}
	EndGlobalSection
EndGlobal
